Microsoft Visual Studio Solution File, Format Version 12.00
# Visual Studio 15
VisualStudioVersion = 15.0.25807.0
MinimumVisualStudioVersion = 10.0.40219.1
Project("{2150E333-8FDC-42A3-9474-1A3956D46DE8}") = "Engine", "Engine", "{A610FF2A-CC4B-4111-BC5D-7FF87D40CDA5}"
EndProject
Project("{2150E333-8FDC-42A3-9474-1A3956D46DE8}") = "Games", "Games", "{D33614FA-CE0C-44C2-A0A4-0D207AA7B4B5}"
EndProject
Project("{8BC9CEB8-8B4A-11D0-8D11-00A0C91BC942}") = "UE4", "Intermediate\ProjectFiles\UE4.vcxproj", "{EEB50EC3-0732-4485-B49D-68645353A060}"
EndProject
Project("{8BC9CEB8-8B4A-11D0-8D11-00A0C91BC942}") = "Luiz9", "Intermediate\ProjectFiles\Luiz9.vcxproj", "{278B7D2C-6D3D-4BD0-A8F4-9526652465DF}"
EndProject
Project("{2150E333-8FDC-42A3-9474-1A3956D46DE8}") = "Visualizers", "Visualizers", "{33058CB6-41D2-47C6-8B0A-0BEBD473DDD2}"
	ProjectSection(SolutionItems) = preProject
		E:\Epic Games\UE_4.21\Engine\Extras\VisualStudioDebugging\UE4.natvis = E:\Epic Games\UE_4.21\Engine\Extras\VisualStudioDebugging\UE4.natvis
	EndProjectSection
EndProject
Global
	GlobalSection(SolutionConfigurationPlatforms) = preSolution
		DebugGame Editor|HTML5 = DebugGame Editor|HTML5
		DebugGame Editor|Win32 = DebugGame Editor|Win32
		DebugGame Editor|Win64 = DebugGame Editor|Win64
		DebugGame|HTML5 = DebugGame|HTML5
		DebugGame|Win32 = DebugGame|Win32
		DebugGame|Win64 = DebugGame|Win64
		Development Editor|HTML5 = Development Editor|HTML5
		Development Editor|Win32 = Development Editor|Win32
		Development Editor|Win64 = Development Editor|Win64
		Development|HTML5 = Development|HTML5
		Development|Win32 = Development|Win32
		Development|Win64 = Development|Win64
		Shipping|HTML5 = Shipping|HTML5
		Shipping|Win32 = Shipping|Win32
		Shipping|Win64 = Shipping|Win64
	EndGlobalSection
	GlobalSection(ProjectConfigurationPlatforms) = postSolution
		{EEB50EC3-0732-4485-B49D-68645353A060}.DebugGame Editor|HTML5.ActiveCfg = BuiltWithUnrealBuildTool|Win32
		{EEB50EC3-0732-4485-B49D-68645353A060}.DebugGame Editor|Win32.ActiveCfg = BuiltWithUnrealBuildTool|Win32
		{EEB50EC3-0732-4485-B49D-68645353A060}.DebugGame Editor|Win64.ActiveCfg = BuiltWithUnrealBuildTool|Win32
		{EEB50EC3-0732-4485-B49D-68645353A060}.DebugGame|HTML5.ActiveCfg = BuiltWithUnrealBuildTool|Win32
		{EEB50EC3-0732-4485-B49D-68645353A060}.DebugGame|Win32.ActiveCfg = BuiltWithUnrealBuildTool|Win32
		{EEB50EC3-0732-4485-B49D-68645353A060}.DebugGame|Win64.ActiveCfg = BuiltWithUnrealBuildTool|Win32
		{EEB50EC3-0732-4485-B49D-68645353A060}.Development Editor|HTML5.ActiveCfg = BuiltWithUnrealBuildTool|Win32
		{EEB50EC3-0732-4485-B49D-68645353A060}.Development Editor|Win32.ActiveCfg = BuiltWithUnrealBuildTool|Win32
		{EEB50EC3-0732-4485-B49D-68645353A060}.Development Editor|Win64.ActiveCfg = BuiltWithUnrealBuildTool|Win32
		{EEB50EC3-0732-4485-B49D-68645353A060}.Development|HTML5.ActiveCfg = BuiltWithUnrealBuildTool|Win32
		{EEB50EC3-0732-4485-B49D-68645353A060}.Development|Win32.ActiveCfg = BuiltWithUnrealBuildTool|Win32
		{EEB50EC3-0732-4485-B49D-68645353A060}.Development|Win64.ActiveCfg = BuiltWithUnrealBuildTool|Win32
		{EEB50EC3-0732-4485-B49D-68645353A060}.Shipping|HTML5.ActiveCfg = BuiltWithUnrealBuildTool|Win32
		{EEB50EC3-0732-4485-B49D-68645353A060}.Shipping|Win32.ActiveCfg = BuiltWithUnrealBuildTool|Win32
		{EEB50EC3-0732-4485-B49D-68645353A060}.Shipping|Win64.ActiveCfg = BuiltWithUnrealBuildTool|Win32
		{278B7D2C-6D3D-4BD0-A8F4-9526652465DF}.DebugGame Editor|HTML5.ActiveCfg = Invalid|Win32
		{278B7D2C-6D3D-4BD0-A8F4-9526652465DF}.DebugGame Editor|Win32.ActiveCfg = Invalid|Win32
		{278B7D2C-6D3D-4BD0-A8F4-9526652465DF}.DebugGame Editor|Win64.ActiveCfg = DebugGame_Editor|x64
		{278B7D2C-6D3D-4BD0-A8F4-9526652465DF}.DebugGame Editor|Win64.Build.0 = DebugGame_Editor|x64
		{278B7D2C-6D3D-4BD0-A8F4-9526652465DF}.DebugGame|HTML5.ActiveCfg = HTML5_DebugGame|Win32
		{278B7D2C-6D3D-4BD0-A8F4-9526652465DF}.DebugGame|HTML5.Build.0 = HTML5_DebugGame|Win32
		{278B7D2C-6D3D-4BD0-A8F4-9526652465DF}.DebugGame|Win32.ActiveCfg = DebugGame|Win32
		{278B7D2C-6D3D-4BD0-A8F4-9526652465DF}.DebugGame|Win32.Build.0 = DebugGame|Win32
		{278B7D2C-6D3D-4BD0-A8F4-9526652465DF}.DebugGame|Win64.ActiveCfg = DebugGame|x64
		{278B7D2C-6D3D-4BD0-A8F4-9526652465DF}.DebugGame|Win64.Build.0 = DebugGame|x64
		{278B7D2C-6D3D-4BD0-A8F4-9526652465DF}.Development Editor|HTML5.ActiveCfg = Invalid|Win32
		{278B7D2C-6D3D-4BD0-A8F4-9526652465DF}.Development Editor|Win32.ActiveCfg = Invalid|Win32
		{278B7D2C-6D3D-4BD0-A8F4-9526652465DF}.Development Editor|Win64.ActiveCfg = Development_Editor|x64
		{278B7D2C-6D3D-4BD0-A8F4-9526652465DF}.Development Editor|Win64.Build.0 = Development_Editor|x64
		{278B7D2C-6D3D-4BD0-A8F4-9526652465DF}.Development|HTML5.ActiveCfg = HTML5_Development|Win32
		{278B7D2C-6D3D-4BD0-A8F4-9526652465DF}.Development|HTML5.Build.0 = HTML5_Development|Win32
		{278B7D2C-6D3D-4BD0-A8F4-9526652465DF}.Development|Win32.ActiveCfg = Development|Win32
		{278B7D2C-6D3D-4BD0-A8F4-9526652465DF}.Development|Win32.Build.0 = Development|Win32
		{278B7D2C-6D3D-4BD0-A8F4-9526652465DF}.Development|Win64.ActiveCfg = Development|x64
		{278B7D2C-6D3D-4BD0-A8F4-9526652465DF}.Development|Win64.Build.0 = Development|x64
		{278B7D2C-6D3D-4BD0-A8F4-9526652465DF}.Shipping|HTML5.ActiveCfg = HTML5_Shipping|Win32
		{278B7D2C-6D3D-4BD0-A8F4-9526652465DF}.Shipping|HTML5.Build.0 = HTML5_Shipping|Win32
		{278B7D2C-6D3D-4BD0-A8F4-9526652465DF}.Shipping|Win32.ActiveCfg = Shipping|Win32
		{278B7D2C-6D3D-4BD0-A8F4-9526652465DF}.Shipping|Win32.Build.0 = Shipping|Win32
		{278B7D2C-6D3D-4BD0-A8F4-9526652465DF}.Shipping|Win64.ActiveCfg = Shipping|x64
		{278B7D2C-6D3D-4BD0-A8F4-9526652465DF}.Shipping|Win64.Build.0 = Shipping|x64
	EndGlobalSection
	GlobalSection(SolutionProperties) = preSolution
		HideSolutionNode = FALSE
	EndGlobalSection
	GlobalSection(NestedProjects) = preSolution
		{EEB50EC3-0732-4485-B49D-68645353A060} = {A610FF2A-CC4B-4111-BC5D-7FF87D40CDA5}
		{278B7D2C-6D3D-4BD0-A8F4-9526652465DF} = {D33614FA-CE0C-44C2-A0A4-0D207AA7B4B5}
		{278B7D2C-6D3D-4BD0-A8F4-9526652465DF} = {D33614FA-CE0C-44C2-A0A4-0D207AA7B4B5}
	EndGlobalSection
EndGlobal
